<?xml version="1.0" encoding="utf-8"?>
<Project ToolsVersion="4.0" xmlns="http://schemas.microsoft.com/developer/msbuild/2003">
  <ItemGroup>
    <Filter Include="Arquivos de Origem">
      <UniqueIdentifier>{4FC737F1-C7A5-4376-A066-2A32D752A2FF}</UniqueIdentifier>
      <Extensions>cpp;c;cc;cxx;c++;cppm;ixx;def;odl;idl;hpj;bat;asm;asmx</Extensions>
    </Filter>
    <Filter Include="Arquivos de Cabeçalho">
      <UniqueIdentifier>{93995380-89BD-4b04-88EB-625FBE52EBFB}</UniqueIdentifier>
      <Extensions>h;hh;hpp;hxx;h++;hm;inl;inc;ipp;xsd</Extensions>
    </Filter>
    <Filter Include="Arquivos de Recurso">
      <UniqueIdentifier>{67DA6AB6-F800-4c08-8B7A-83BB121AAD01}</UniqueIdentifier>
      <Extensions>rc;ico;cur;bmp;dlg;rc2;rct;bin;rgs;gif;jpg;jpeg;jpe;resx;tiff;tif;png;wav;mfcribbon-ms</Extensions>
    </Filter>
    <Filter Include="Arquivos de Origem\GameObjects">
      <UniqueIdentifier>{3b6bed17-63cc-4330-8e4f-0a8ac731204a}</UniqueIdentifier>
    </Filter>
    <Filter Include="Arquivos de Cabeçalho\GameObjects">
      <UniqueIdentifier>{fc0574e0-40e1-4089-a2cd-6129ef08ab50}</UniqueIdentifier>
    </Filter>
    <Filter Include="Arquivos de Cabeçalho\GameObjects\Derived">
      <UniqueIdentifier>{733750c4-4a2e-451e-8b2e-8bfb74618f54}</UniqueIdentifier>
    </Filter>
    <Filter Include="Arquivos de Cabeçalho\UI">
      <UniqueIdentifier>{369486ad-6690-42ba-ae73-ece1c5b8f6e2}</UniqueIdentifier>
    </Filter>
    <Filter Include="Arquivos de Origem\UI">
      <UniqueIdentifier>{6c310e96-129e-457e-bd8a-93bdddba2890}</UniqueIdentifier>
    </Filter>
    <Filter Include="Arquivos de Origem\UI\Inventory">
      <UniqueIdentifier>{2ae4ae7e-07e4-47ec-8167-3774efc332b3}</UniqueIdentifier>
    </Filter>
    <Filter Include="Arquivos de Cabeçalho\UI\Inventory">
      <UniqueIdentifier>{459bc60a-17a8-40d0-bc9a-064da7388ca0}</UniqueIdentifier>
    </Filter>
  </ItemGroup>
  <ItemGroup>
    <ClInclude Include="Global.hpp">
      <Filter>Arquivos de Cabeçalho</Filter>
    </ClInclude>
    <ClInclude Include="Grid.hpp">
      <Filter>Arquivos de Cabeçalho</Filter>
    </ClInclude>
    <ClInclude Include="Renderer.hpp">
      <Filter>Arquivos de Cabeçalho</Filter>
    </ClInclude>
    <ClInclude Include="Scene.hpp">
      <Filter>Arquivos de Cabeçalho</Filter>
    </ClInclude>
    <ClInclude Include="SceneManager.hpp">
      <Filter>Arquivos de Cabeçalho</Filter>
    </ClInclude>
    <ClInclude Include="Entity.hpp">
      <Filter>Arquivos de Cabeçalho\GameObjects</Filter>
    </ClInclude>
    <ClInclude Include="Equipment.hpp">
      <Filter>Arquivos de Cabeçalho\GameObjects</Filter>
    </ClInclude>
    <ClInclude Include="GameObject.hpp">
      <Filter>Arquivos de Cabeçalho\GameObjects</Filter>
    </ClInclude>
    <ClInclude Include="Item.hpp">
      <Filter>Arquivos de Cabeçalho\GameObjects</Filter>
    </ClInclude>
    <ClInclude Include="Enemy.hpp">
      <Filter>Arquivos de Cabeçalho\GameObjects\Derived</Filter>
    </ClInclude>
    <ClInclude Include="Light.hpp">
      <Filter>Arquivos de Cabeçalho\GameObjects\Derived</Filter>
    </ClInclude>
    <ClInclude Include="Player.hpp">
      <Filter>Arquivos de Cabeçalho\GameObjects\Derived</Filter>
    </ClInclude>
    <ClInclude Include="Potion.hpp">
      <Filter>Arquivos de Cabeçalho\GameObjects\Derived</Filter>
    </ClInclude>
    <ClInclude Include="Torch.hpp">
      <Filter>Arquivos de Cabeçalho\GameObjects\Derived</Filter>
    </ClInclude>
    <ClInclude Include="Weapon.hpp">
      <Filter>Arquivos de Cabeçalho\GameObjects\Derived</Filter>
    </ClInclude>
    <ClInclude Include="Database.hpp">
      <Filter>Arquivos de Cabeçalho</Filter>
    </ClInclude>
    <ClInclude Include="Archetype.hpp">
      <Filter>Arquivos de Cabeçalho</Filter>
    </ClInclude>
    <ClInclude Include="Inventory.hpp">
      <Filter>Arquivos de Cabeçalho\UI\Inventory</Filter>
    </ClInclude>
    <ClInclude Include="Slot.hpp">
      <Filter>Arquivos de Cabeçalho\UI\Inventory</Filter>
    </ClInclude>
    <ClInclude Include="ItemDatabase.hpp">
      <Filter>Arquivos de Cabeçalho</Filter>
    </ClInclude>
    <ClInclude Include="AbilityCast.hpp">
      <Filter>Arquivos de Cabeçalho</Filter>
    </ClInclude>
    <ClInclude Include="UI.hpp">
      <Filter>Arquivos de Cabeçalho\UI</Filter>
    </ClInclude>
    <ClInclude Include="InteractionUI.hpp">
      <Filter>Arquivos de Cabeçalho\UI</Filter>
    </ClInclude>
    <ClInclude Include="GameSettingsUI.hpp">
      <Filter>Arquivos de Cabeçalho\UI</Filter>
    </ClInclude>
    <ClInclude Include="MainMenuUI.hpp">
      <Filter>Arquivos de Cabeçalho\UI</Filter>
    </ClInclude>
    <ClInclude Include="GameInterfaceUI.hpp">
      <Filter>Arquivos de Cabeçalho\UI</Filter>
    </ClInclude>
  </ItemGroup>
  <ItemGroup>
    <ClCompile Include="Grid.cpp">
      <Filter>Arquivos de Origem</Filter>
    </ClCompile>
    <ClCompile Include="Renderer.cpp">
      <Filter>Arquivos de Origem</Filter>
    </ClCompile>
    <ClCompile Include="Scene.cpp">
      <Filter>Arquivos de Origem</Filter>
    </ClCompile>
    <ClCompile Include="SceneManager.cpp">
      <Filter>Arquivos de Origem</Filter>
    </ClCompile>
    <ClCompile Include="Tomb of the Giants.cpp">
      <Filter>Arquivos de Origem</Filter>
    </ClCompile>
    <ClCompile Include="Entity.cpp">
      <Filter>Arquivos de Origem\GameObjects</Filter>
    </ClCompile>
    <ClCompile Include="GameObject.cpp">
      <Filter>Arquivos de Origem\GameObjects</Filter>
    </ClCompile>
    <ClCompile Include="Item.cpp">
      <Filter>Arquivos de Origem\GameObjects</Filter>
    </ClCompile>
    <ClCompile Include="Equipment.cpp">
      <Filter>Arquivos de Origem\GameObjects</Filter>
    </ClCompile>
    <ClCompile Include="Database.cpp">
      <Filter>Arquivos de Origem</Filter>
    </ClCompile>
    <ClCompile Include="Archetype.cpp">
      <Filter>Arquivos de Origem</Filter>
    </ClCompile>
    <ClCompile Include="Slot.cpp">
      <Filter>Arquivos de Origem\UI\Inventory</Filter>
    </ClCompile>
    <ClCompile Include="Inventory.cpp">
      <Filter>Arquivos de Origem\UI\Inventory</Filter>
    </ClCompile>
    <ClCompile Include="Enemy.cpp">
      <Filter>Arquivos de Origem\GameObjects</Filter>
    </ClCompile>
    <ClCompile Include="Light.cpp">
      <Filter>Arquivos de Origem\GameObjects</Filter>
    </ClCompile>
    <ClCompile Include="Player.cpp">
      <Filter>Arquivos de Origem\GameObjects</Filter>
    </ClCompile>
    <ClCompile Include="Potion.cpp">
      <Filter>Arquivos de Origem\GameObjects</Filter>
    </ClCompile>
    <ClCompile Include="Torch.cpp">
      <Filter>Arquivos de Origem\GameObjects</Filter>
    </ClCompile>
    <ClCompile Include="Weapon.cpp">
      <Filter>Arquivos de Origem\GameObjects</Filter>
    </ClCompile>
    <ClCompile Include="ItemDatabase.cpp">
      <Filter>Arquivos de Origem</Filter>
    </ClCompile>
    <ClCompile Include="AbilityCast.cpp">
      <Filter>Arquivos de Origem</Filter>
    </ClCompile>
    <ClCompile Include="InteractionUI.cpp">
      <Filter>Arquivos de Origem\UI</Filter>
    </ClCompile>
    <ClCompile Include="UI.cpp">
      <Filter>Arquivos de Origem\UI</Filter>
    </ClCompile>
    <ClCompile Include="GameSettingsUI.cpp">
      <Filter>Arquivos de Origem\UI</Filter>
    </ClCompile>
    <ClCompile Include="MainMenuUI.cpp">
      <Filter>Arquivos de Origem\UI</Filter>
    </ClCompile>
    <ClCompile Include="GameInterfaceUI.cpp">
      <Filter>Arquivos de Origem\UI</Filter>
    </ClCompile>
  </ItemGroup>
</Project>