<?xml version="1.0" encoding="utf-8"?>
<Project ToolsVersion="4.0" xmlns="http://schemas.microsoft.com/developer/msbuild/2003">
  <ItemGroup>
    <Filter Include="Arquivos de Origem">
      <UniqueIdentifier>{4FC737F1-C7A5-4376-A066-2A32D752A2FF}</UniqueIdentifier>
      <Extensions>cpp;c;cc;cxx;c++;cppm;ixx;def;odl;idl;hpj;bat;asm;asmx</Extensions>
    </Filter>
    <Filter Include="Arquivos de Cabeçalho">
      <UniqueIdentifier>{93995380-89BD-4b04-88EB-625FBE52EBFB}</UniqueIdentifier>
      <Extensions>h;hh;hpp;hxx;h++;hm;inl;inc;ipp;xsd</Extensions>
    </Filter>
    <Filter Include="Arquivos de Recurso">
      <UniqueIdentifier>{67DA6AB6-F800-4c08-8B7A-83BB121AAD01}</UniqueIdentifier>
      <Extensions>rc;ico;cur;bmp;dlg;rc2;rct;bin;rgs;gif;jpg;jpeg;jpe;resx;tiff;tif;png;wav;mfcribbon-ms</Extensions>
    </Filter>
    <Filter Include="Arquivos de Cabeçalho\GUI">
      <UniqueIdentifier>{915e7093-c877-45b1-8d50-185968ca9a4a}</UniqueIdentifier>
    </Filter>
    <Filter Include="Arquivos de Origem\GUI">
      <UniqueIdentifier>{bf4a3b41-689d-48c1-9a89-68b410fff04b}</UniqueIdentifier>
    </Filter>
    <Filter Include="Arquivos de Origem\GUI\Inventory">
      <UniqueIdentifier>{2ae4ae7e-07e4-47ec-8167-3774efc332b3}</UniqueIdentifier>
    </Filter>
    <Filter Include="Arquivos de Cabeçalho\GUI\Inventory">
      <UniqueIdentifier>{459bc60a-17a8-40d0-bc9a-064da7388ca0}</UniqueIdentifier>
    </Filter>
    <Filter Include="Arquivos de Origem\Ability">
      <UniqueIdentifier>{30273c6d-28be-4bf0-8584-750c56f6cf29}</UniqueIdentifier>
    </Filter>
    <Filter Include="Arquivos de Origem\GameObjects">
      <UniqueIdentifier>{3b6bed17-63cc-4330-8e4f-0a8ac731204a}</UniqueIdentifier>
    </Filter>
    <Filter Include="Arquivos de Cabeçalho\GameObjects">
      <UniqueIdentifier>{fc0574e0-40e1-4089-a2cd-6129ef08ab50}</UniqueIdentifier>
    </Filter>
    <Filter Include="Arquivos de Cabeçalho\GameObjects\Derived">
      <UniqueIdentifier>{733750c4-4a2e-451e-8b2e-8bfb74618f54}</UniqueIdentifier>
    </Filter>
    <Filter Include="Arquivos de Cabeçalho\Ability">
      <UniqueIdentifier>{4f57571b-878e-4ff5-80f3-eb69cf6d66eb}</UniqueIdentifier>
    </Filter>
  </ItemGroup>
  <ItemGroup>
    <ClInclude Include="Global.hpp">
      <Filter>Arquivos de Cabeçalho</Filter>
    </ClInclude>
    <ClInclude Include="Grid.hpp">
      <Filter>Arquivos de Cabeçalho</Filter>
    </ClInclude>
    <ClInclude Include="Renderer.hpp">
      <Filter>Arquivos de Cabeçalho</Filter>
    </ClInclude>
    <ClInclude Include="Scene.hpp">
      <Filter>Arquivos de Cabeçalho</Filter>
    </ClInclude>
    <ClInclude Include="SceneManager.hpp">
      <Filter>Arquivos de Cabeçalho</Filter>
    </ClInclude>
    <ClInclude Include="InteractionInterface.hpp">
      <Filter>Arquivos de Cabeçalho\GUI</Filter>
    </ClInclude>
    <ClInclude Include="GameInterface.hpp">
      <Filter>Arquivos de Cabeçalho\GUI</Filter>
    </ClInclude>
    <ClInclude Include="MainMenu.hpp">
      <Filter>Arquivos de Cabeçalho\GUI</Filter>
    </ClInclude>
    <ClInclude Include="GUI.hpp">
      <Filter>Arquivos de Cabeçalho\GUI</Filter>
    </ClInclude>
    <ClInclude Include="Settings.hpp">
      <Filter>Arquivos de Cabeçalho\GUI</Filter>
    </ClInclude>
    <ClInclude Include="Entity.hpp">
      <Filter>Arquivos de Cabeçalho\GameObjects</Filter>
    </ClInclude>
    <ClInclude Include="Equipment.hpp">
      <Filter>Arquivos de Cabeçalho\GameObjects</Filter>
    </ClInclude>
    <ClInclude Include="GameObject.hpp">
      <Filter>Arquivos de Cabeçalho\GameObjects</Filter>
    </ClInclude>
    <ClInclude Include="Item.hpp">
      <Filter>Arquivos de Cabeçalho\GameObjects</Filter>
    </ClInclude>
    <ClInclude Include="Enemy.hpp">
      <Filter>Arquivos de Cabeçalho\GameObjects\Derived</Filter>
    </ClInclude>
    <ClInclude Include="Light.hpp">
      <Filter>Arquivos de Cabeçalho\GameObjects\Derived</Filter>
    </ClInclude>
    <ClInclude Include="Player.hpp">
      <Filter>Arquivos de Cabeçalho\GameObjects\Derived</Filter>
    </ClInclude>
    <ClInclude Include="Potion.hpp">
      <Filter>Arquivos de Cabeçalho\GameObjects\Derived</Filter>
    </ClInclude>
    <ClInclude Include="Torch.hpp">
      <Filter>Arquivos de Cabeçalho\GameObjects\Derived</Filter>
    </ClInclude>
    <ClInclude Include="Weapon.hpp">
      <Filter>Arquivos de Cabeçalho\GameObjects\Derived</Filter>
    </ClInclude>
    <ClInclude Include="Database.hpp">
      <Filter>Arquivos de Cabeçalho</Filter>
    </ClInclude>
    <ClInclude Include="Archetype.hpp">
      <Filter>Arquivos de Cabeçalho</Filter>
    </ClInclude>
    <ClInclude Include="Inventory.hpp">
      <Filter>Arquivos de Cabeçalho\GUI\Inventory</Filter>
    </ClInclude>
    <ClInclude Include="Slot.hpp">
      <Filter>Arquivos de Cabeçalho\GUI\Inventory</Filter>
    </ClInclude>
    <ClInclude Include="CharacterCreation.hpp">
      <Filter>Arquivos de Cabeçalho\GUI</Filter>
    </ClInclude>
    <ClInclude Include="ItemDatabase.hpp">
      <Filter>Arquivos de Cabeçalho</Filter>
    </ClInclude>
    <ClInclude Include="AbilityCast.hpp">
      <Filter>Arquivos de Cabeçalho\Ability</Filter>
    </ClInclude>
  </ItemGroup>
  <ItemGroup>
    <ClCompile Include="Grid.cpp">
      <Filter>Arquivos de Origem</Filter>
    </ClCompile>
    <ClCompile Include="Renderer.cpp">
      <Filter>Arquivos de Origem</Filter>
    </ClCompile>
    <ClCompile Include="Scene.cpp">
      <Filter>Arquivos de Origem</Filter>
    </ClCompile>
    <ClCompile Include="SceneManager.cpp">
      <Filter>Arquivos de Origem</Filter>
    </ClCompile>
    <ClCompile Include="Tomb of the Giants.cpp">
      <Filter>Arquivos de Origem</Filter>
    </ClCompile>
    <ClCompile Include="Entity.cpp">
      <Filter>Arquivos de Origem\GameObjects</Filter>
    </ClCompile>
    <ClCompile Include="GameObject.cpp">
      <Filter>Arquivos de Origem\GameObjects</Filter>
    </ClCompile>
    <ClCompile Include="Item.cpp">
      <Filter>Arquivos de Origem\GameObjects</Filter>
    </ClCompile>
    <ClCompile Include="Equipment.cpp">
      <Filter>Arquivos de Origem\GameObjects</Filter>
    </ClCompile>
    <ClCompile Include="InteractionInterface.cpp">
      <Filter>Arquivos de Origem\GUI</Filter>
    </ClCompile>
    <ClCompile Include="GameInterface.cpp">
      <Filter>Arquivos de Origem\GUI</Filter>
    </ClCompile>
    <ClCompile Include="MainMenu.cpp">
      <Filter>Arquivos de Origem\GUI</Filter>
    </ClCompile>
    <ClCompile Include="GUI.cpp">
      <Filter>Arquivos de Origem\GUI</Filter>
    </ClCompile>
    <ClCompile Include="Settings.cpp">
      <Filter>Arquivos de Origem\GUI</Filter>
    </ClCompile>
    <ClCompile Include="Database.cpp">
      <Filter>Arquivos de Origem</Filter>
    </ClCompile>
    <ClCompile Include="Archetype.cpp">
      <Filter>Arquivos de Origem</Filter>
    </ClCompile>
    <ClCompile Include="Slot.cpp">
      <Filter>Arquivos de Origem\GUI\Inventory</Filter>
    </ClCompile>
    <ClCompile Include="Inventory.cpp">
      <Filter>Arquivos de Origem\GUI\Inventory</Filter>
    </ClCompile>
    <ClCompile Include="Enemy.cpp">
      <Filter>Arquivos de Origem\GameObjects</Filter>
    </ClCompile>
    <ClCompile Include="Light.cpp">
      <Filter>Arquivos de Origem\GameObjects</Filter>
    </ClCompile>
    <ClCompile Include="Player.cpp">
      <Filter>Arquivos de Origem\GameObjects</Filter>
    </ClCompile>
    <ClCompile Include="Potion.cpp">
      <Filter>Arquivos de Origem\GameObjects</Filter>
    </ClCompile>
    <ClCompile Include="Torch.cpp">
      <Filter>Arquivos de Origem\GameObjects</Filter>
    </ClCompile>
    <ClCompile Include="Weapon.cpp">
      <Filter>Arquivos de Origem\GameObjects</Filter>
    </ClCompile>
    <ClCompile Include="CharacterCreation.cpp">
      <Filter>Arquivos de Origem\GUI</Filter>
    </ClCompile>
    <ClCompile Include="ItemDatabase.cpp">
      <Filter>Arquivos de Origem</Filter>
    </ClCompile>
    <ClCompile Include="AbilityCast.cpp">
      <Filter>Arquivos de Origem\Ability</Filter>
    </ClCompile>
  </ItemGroup>
</Project>